
Microsoft Visual Studio Solution File, Format Version 12.00
# Visual Studio Version 16
VisualStudioVersion = 16.0.810.14
MinimumVisualStudioVersion = 10.0.40219.1
Project("{FAE04EC0-301F-11D3-BF4B-00C04F79EFBC}") = "SecureApp", "SecureApp\SecureApp.csproj", "{EFA8DAAD-2841-4729-8BBF-47599E8C14B1}"
EndProject
Global
	GlobalSection(SolutionConfigurationPlatforms) = preSolution
		Debug|Any CPU = Debug|Any CPU
		Release|Any CPU = Release|Any CPU
	EndGlobalSection
	GlobalSection(ProjectConfigurationPlatforms) = postSolution
		{EFA8DAAD-2841-4729-8BBF-47599E8C14B1}.Debug|Any CPU.ActiveCfg = Debug|Any CPU
		{EFA8DAAD-2841-4729-8BBF-47599E8C14B1}.Debug|Any CPU.Build.0 = Debug|Any CPU
		{EFA8DAAD-2841-4729-8BBF-47599E8C14B1}.Release|Any CPU.ActiveCfg = Release|Any CPU
		{EFA8DAAD-2841-4729-8BBF-47599E8C14B1}.Release|Any CPU.Build.0 = Release|Any CPU
	EndGlobalSection
	GlobalSection(SolutionProperties) = preSolution
		HideSolutionNode = FALSE
	EndGlobalSection
	GlobalSection(ExtensibilityGlobals) = postSolution
		SolutionGuid = {3D0F6674-BE24-43FC-ADBE-0EAE6A3E114A}
	EndGlobalSection
EndGlobal
